schema: '2.0'
stages:
  prepare:
    cmd: python src/prepare.py
    deps:
    - path: data/augmentetion
      md5: e743091208d1ab70c5694cc46adfc385.dir
      size: 3687126
      nfiles: 24
    - path: data/original
      md5: 24f90411788629d164261965a1f2be44.dir
      size: 521368099
      nfiles: 1000
    - path: src/create_dataset.py
      md5: b38f2cf2fac8c46c58dc42595d207c59
      size: 2201
    - path: src/prepare.py
      md5: 0657e828422552b5f6152eac6b746ddd
      size: 2487
    outs:
    - path: data/prepared/test.csv
      md5: f736a1c3c04d60e6c6ae300ad421616b
      size: 12031
    - path: data/prepared/train.csv
      md5: d5c1a7e0db4f69a079e1abba125ac656
      size: 85676
    - path: data/prepared/valid.csv
      md5: d2e3cd9c1538110ab81d09a49f9d0ebb
      size: 21551
  train:
    cmd: python src/train.py
    deps:
    - path: data/prepared/train.csv
      md5: d5c1a7e0db4f69a079e1abba125ac656
      size: 85676
    - path: data/prepared/valid.csv
      md5: d2e3cd9c1538110ab81d09a49f9d0ebb
      size: 21551
    - path: src/fit.py
      md5: 284caf326bee8701c0fbc9242149940a
      size: 3863
    - path: src/train.py
      md5: e634f8f6a2a6360acf0a681aa832a683
      size: 2171
    outs:
    - path: models/model_best.pt
      md5: 0fedcb892472781224071e35c1b7bc2c
      size: 31347348
  evaluate:
    cmd: python src/evaluate.py
    deps:
    - path: data/prepared/test.csv
      md5: f736a1c3c04d60e6c6ae300ad421616b
      size: 12031
    - path: models/model_best.pt
      md5: 0fedcb892472781224071e35c1b7bc2c
      size: 31347348
    - path: src/evaluate.py
      md5: 7b55dec3316332e9f75fec566b8cd157
      size: 936
    outs:
    - path: metrics/los_auc_f1.json
      md5: 347c642f941c9ff53428cab890d8d3cd
      size: 63
