schema: '2.0'
stages:
  prepare:
    cmd: python src/prepare.py
    deps:
    - path: data/original
      md5: 24f90411788629d164261965a1f2be44.dir
      size: 521368099
      nfiles: 1000
    - path: src/create_dataset.py
      md5: b38f2cf2fac8c46c58dc42595d207c59
      size: 2201
    - path: src/prepare.py
      md5: 4c460a86426ef4f1a7cbc3f9724658f8
      size: 2483
    outs:
    - path: data/prepared/test.csv
      md5: a5a7ac61fe38d498ffc6999ce2b7439d
      size: 11718
    - path: data/prepared/train.csv
      md5: f80fc141f0a654427b96e0d8547eadd8
      size: 84234
    - path: data/prepared/valid.csv
      md5: a8e27f6f1bee9f5ec26fea580b3c6307
      size: 21090
  train:
    cmd: python src/train.py
    deps:
    - path: data/prepared/train.csv
      md5: f80fc141f0a654427b96e0d8547eadd8
      size: 84234
    - path: data/prepared/valid.csv
      md5: a8e27f6f1bee9f5ec26fea580b3c6307
      size: 21090
    - path: src/fit.py
      md5: 5404af72405c66e24ec691fc9ee95844
      size: 3841
    - path: src/train.py
      md5: 814e27a4ff8bc3dd83edf0af019d46dd
      size: 2118
    outs:
    - path: models/model_best.pt
      md5: 90324be52add00c9fb8cb8637b597ccb
      size: 248154516
  evaluate:
    cmd: python src/evaluate.py
    deps:
    - path: data/prepared/test.csv
      md5: a5a7ac61fe38d498ffc6999ce2b7439d
      size: 11718
    - path: models/model_best.pt
      md5: 90324be52add00c9fb8cb8637b597ccb
      size: 248154516
    - path: src/evaluate.py
      md5: 7b55dec3316332e9f75fec566b8cd157
      size: 936
    outs:
    - path: metrics/los_auc_f1.json
      md5: 7631f2742cc1f8b9c73bd59f256bf102
      size: 50
